{
  "name": "1UP",
  "lockfileVersion": 2,
  "requires": true,
  "packages": {
    "": {
      "dependencies": {
        "@fortawesome/fontawesome-free": "^5.15.3",
        "animejs": "^3.2.1",
        "gsap": "^3.7.0"
      },
      "devDependencies": {
        "pixel-borders": "^1.1.4"
      }
    },
    "node_modules/@fortawesome/fontawesome-free": {
      "version": "5.15.3",
      "resolved": "https://registry.npmjs.org/@fortawesome/fontawesome-free/-/fontawesome-free-5.15.3.tgz",
      "integrity": "sha512-rFnSUN/QOtnOAgqFRooTA3H57JLDm0QEG/jPdk+tLQNL/eWd+Aok8g3qCI+Q1xuDPWpGW/i9JySpJVsq8Q0s9w==",
      "hasInstallScript": true,
      "engines": {
        "node": ">=6"
      }
    },
    "node_modules/animejs": {
      "version": "3.2.1",
      "resolved": "https://registry.npmjs.org/animejs/-/animejs-3.2.1.tgz",
      "integrity": "sha512-sWno3ugFryK5nhiDm/2BKeFCpZv7vzerWUcUPyAZLDhMek3+S/p418ldZJbJXo5ZUOpfm2kP2XRO4NJcULMy9A=="
    },
    "node_modules/gsap": {
      "version": "3.7.0",
      "resolved": "https://registry.npmjs.org/gsap/-/gsap-3.7.0.tgz",
      "integrity": "sha512-8JI7pcFj0pgMzwqChARiHf7EIIZp1QrQBP74M2p2NpQLiAeIhQsrJWIRiwmA2JWkkNe0I2BiQF5ZhJvpyJVJDA=="
    },
    "node_modules/pixel-borders": {
      "version": "1.1.4",
      "resolved": "https://registry.npmjs.org/pixel-borders/-/pixel-borders-1.1.4.tgz",
      "integrity": "sha512-jBX9MMRsCeYNl1sHnXnAgtBD5hLAMa59/MDvVBZUoeHtsF6t97goigzIPQHvssh8xsQ5w+vF7hqabutbpb0zxA==",
      "dev": true,
      "engines": {
        "node": ">=4"
      }
    }
  },
  "dependencies": {
    "@fortawesome/fontawesome-free": {
      "version": "5.15.3",
      "resolved": "https://registry.npmjs.org/@fortawesome/fontawesome-free/-/fontawesome-free-5.15.3.tgz",
      "integrity": "sha512-rFnSUN/QOtnOAgqFRooTA3H57JLDm0QEG/jPdk+tLQNL/eWd+Aok8g3qCI+Q1xuDPWpGW/i9JySpJVsq8Q0s9w=="
    },
    "animejs": {
      "version": "3.2.1",
      "resolved": "https://registry.npmjs.org/animejs/-/animejs-3.2.1.tgz",
      "integrity": "sha512-sWno3ugFryK5nhiDm/2BKeFCpZv7vzerWUcUPyAZLDhMek3+S/p418ldZJbJXo5ZUOpfm2kP2XRO4NJcULMy9A=="
    },
    "gsap": {
      "version": "3.7.0",
      "resolved": "https://registry.npmjs.org/gsap/-/gsap-3.7.0.tgz",
      "integrity": "sha512-8JI7pcFj0pgMzwqChARiHf7EIIZp1QrQBP74M2p2NpQLiAeIhQsrJWIRiwmA2JWkkNe0I2BiQF5ZhJvpyJVJDA=="
    },
    "pixel-borders": {
      "version": "1.1.4",
      "resolved": "https://registry.npmjs.org/pixel-borders/-/pixel-borders-1.1.4.tgz",
      "integrity": "sha512-jBX9MMRsCeYNl1sHnXnAgtBD5hLAMa59/MDvVBZUoeHtsF6t97goigzIPQHvssh8xsQ5w+vF7hqabutbpb0zxA==",
      "dev": true
    }
  }
}
